{
  "name": "tsconfig",
  "lockfileVersion": 3,
  "requires": true,
  "packages": {
    "": {
      "workspaces": [
        "packages/*"
      ]
    },
    "node_modules/@abelspithost/tsconfig": {
      "resolved": "packages/base",
      "link": true
    },
    "node_modules/@abelspithost/tsconfig-node": {
      "resolved": "packages/node",
      "link": true
    },
    "node_modules/@abelspithost/tsconfig-web": {
      "resolved": "packages/web",
      "link": true
    },
    "node_modules/@types/node": {
      "version": "25.2.1",
      "resolved": "https://registry.npmjs.org/@types/node/-/node-25.2.1.tgz",
      "integrity": "sha512-CPrnr8voK8vC6eEtyRzvMpgp3VyVRhgclonE7qYi6P9sXwYb59ucfrnmFBTaP0yUi8Gk4yZg/LlTJULGxvTNsg==",
      "license": "MIT",
      "peer": true,
      "dependencies": {
        "undici-types": "~7.16.0"
      }
    },
    "node_modules/typescript": {
      "version": "5.9.3",
      "resolved": "https://registry.npmjs.org/typescript/-/typescript-5.9.3.tgz",
      "integrity": "sha512-jl1vZzPDinLr9eUt3J/t7V6FgNEw9QjvBPdysz9KfQDD41fQrC2Y4vKQdiaUpFT4bXlb1RHhLpp8wtm6M5TgSw==",
      "license": "Apache-2.0",
      "peer": true,
      "bin": {
        "tsc": "bin/tsc",
        "tsserver": "bin/tsserver"
      },
      "engines": {
        "node": ">=14.17"
      }
    },
    "node_modules/undici-types": {
      "version": "7.16.0",
      "resolved": "https://registry.npmjs.org/undici-types/-/undici-types-7.16.0.tgz",
      "integrity": "sha512-Zz+aZWSj8LE6zoxD+xrjh4VfkIG8Ya6LvYkZqtUQGJPZjYl53ypCaUwWqo7eI0x66KBGeRo+mlBEkMSeSZ38Nw==",
      "license": "MIT"
    },
    "packages/base": {
      "name": "@abelspithost/tsconfig",
      "version": "0.0.0",
      "license": "ISC",
      "peerDependencies": {
        "typescript": ">=5.0.0"
      }
    },
    "packages/node": {
      "name": "@abelspithost/tsconfig-node",
      "version": "0.0.0",
      "license": "ISC",
      "devDependencies": {
        "@abelspithost/tsconfig": "0.0.0"
      },
      "peerDependencies": {
        "@types/node": ">=20.0.0",
        "typescript": ">=5.0.0"
      }
    },
    "packages/web": {
      "name": "@abelspithost/tsconfig-web",
      "version": "0.0.0",
      "license": "ISC",
      "devDependencies": {
        "@abelspithost/tsconfig": "0.0.0"
      },
      "peerDependencies": {
        "typescript": ">=5.0.0"
      }
    }
  }
}
